{
  "version": 4,
  "terraform_version": "1.0.1",
  "serial": 4,
  "lineage": "a1b0754a-1783-d320-92e0-4337bf00bab6",
  "outputs": {
    "lb_ip": {
      "value": "aebfa3f082761440386e29896783f1f1-1690489342.us-east-2.elb.amazonaws.com",
      "type": "string"
    }
  },
  "resources": [
    {
      "mode": "data",
      "type": "aws_eks_cluster",
      "name": "cluster",
      "provider": "provider[\"registry.terraform.io/hashicorp/aws\"]",
      "instances": [
        {
          "schema_version": 0,
          "attributes": {
            "arn": "arn:aws:eks:us-east-2:771582200379:cluster/education-eks-fyfmTjhQ",
            "certificate_authority": [
              {
                "data": "LS0tLS1CRUdJTiBDRVJUSUZJQ0FURS0tLS0tCk1JSUM1ekNDQWMrZ0F3SUJBZ0lCQURBTkJna3Foa2lHOXcwQkFRc0ZBREFWTVJNd0VRWURWUVFERXdwcmRXSmwKY201bGRHVnpNQjRYRFRJeE1EZ3dPREl5TVRZME5Gb1hEVE14TURnd05qSXlNVFkwTkZvd0ZURVRNQkVHQTFVRQpBeE1LYTNWaVpYSnVaWFJsY3pDQ0FTSXdEUVlKS29aSWh2Y05BUUVCQlFBRGdnRVBBRENDQVFvQ2dnRUJBS2tpCjRLQTdNK0psOHRhWHNJUkdzbHY3aXpRV1FtY2pXdHk3T1pDOU1IS2Jhb3FQU0UwclFUY3hSK3NldVlOZVd6czkKRFB3aVhZaHR3U0NpODRLb2RKcGZIekhYWUs2V3VmSnhkVHhWUWV0elY1RmFOQmJUWFoyMHZua1hxZGQyVW5TZgpPdkZ4ai9FL1BDcDVjaFdNRDM0Zm5DMWlVMFpNVnhVdVJ2SmZmckliQXQ1K3lZUThVOWtiNTlhUklOSWtoTDJuCklsTHYzQXEyeGhRQzBFTTZmQURHRVU3VFk5YUpzWC9JbTdTWFBlN1V0eHU0V3k5TnpyclFQd1ZOYWdHajNrWnkKTy84bzZuYVdjZjZ1Q0htM2JzYk1xYVIwWURYMTErVkhnaG5LbkRCRVZ2dXhNMmVXNHZEY3ZtUTE3UEM0ZzI5KwplYml2eEgzRlNrSlFuWVY5TWhjQ0F3RUFBYU5DTUVBd0RnWURWUjBQQVFIL0JBUURBZ0trTUE4R0ExVWRFd0VCCi93UUZNQU1CQWY4d0hRWURWUjBPQkJZRUZNYjN1QUhneGdyMmcyNXhqWFgzUjhZU1VKNDVNQTBHQ1NxR1NJYjMKRFFFQkN3VUFBNElCQVFCMHIwTDZSZXlRVklBMHJrdFFQbVpZK3JIL3hlUVExelNrYzVLNDhoejNSY2xTVExuYwovdTF0akZDdklvNFd6bjNGcDRZRTk1dGtoeXZML0hWcU9uRWtjdDBvWUFjaWFDSit6eGhYZFFBZkdST2xXUTAxClM4cFdRV3pFVFJBcFRXVTF6UHQwemI3QXJISVV3YklhVEhSRU5PT09ydnBGbkR2MWtEUGc2NmdQbklQT1pDVkcKSXAwNlZ3VXByOTdrb3loVFhHaHJpRzZxZzBjZU9aa0tqeEt3VW5qNmZlVjFYM213YzJlcFR5VnJMWVhNRFlKKwphV3hvTE1ZT1lTZmF4Qzg5ZkhzSm1NcGV1R3hlcWFOanMvcmtnSlZKN1R6dENWSjVaK3ZZS3JOc0xrTXJKRlpFCkNzRUVkdXlHc3psUlI1bUZVNERmRmQrWGJ0M0N2ZGhCU2RBaQotLS0tLUVORCBDRVJUSUZJQ0FURS0tLS0tCg=="
              }
            ],
            "created_at": "2021-08-08 22:10:41.385 +0000 UTC",
            "enabled_cluster_log_types": [],
            "endpoint": "https://EC02D703F5A4C978D4D0CF5016DB4528.gr7.us-east-2.eks.amazonaws.com",
            "id": "education-eks-fyfmTjhQ",
            "identity": [
              {
                "oidc": [
                  {
                    "issuer": "https://oidc.eks.us-east-2.amazonaws.com/id/EC02D703F5A4C978D4D0CF5016DB4528"
                  }
                ]
              }
            ],
            "kubernetes_network_config": [
              {
                "service_ipv4_cidr": "172.20.0.0/16"
              }
            ],
            "name": "education-eks-fyfmTjhQ",
            "platform_version": "eks.2",
            "role_arn": "arn:aws:iam::771582200379:role/education-eks-fyfmTjhQ20210808220955556000000002",
            "status": "ACTIVE",
            "tags": {
              "Environment": "training",
              "GithubOrg": "terraform-aws-modules",
              "GithubRepo": "terraform-aws-eks"
            },
            "version": "1.20",
            "vpc_config": [
              {
                "cluster_security_group_id": "sg-0ffe18fca78a51dc4",
                "endpoint_private_access": false,
                "endpoint_public_access": true,
                "public_access_cidrs": [
                  "0.0.0.0/0"
                ],
                "security_group_ids": [
                  "sg-0781358265f8566cb"
                ],
                "subnet_ids": [
                  "subnet-03f3c68fb13dd7e58",
                  "subnet-063a20db841fa94c6",
                  "subnet-0cdb78ba174bcaa72"
                ],
                "vpc_id": "vpc-046fdf66252ad8cf2"
              }
            ]
          },
          "sensitive_attributes": []
        }
      ]
    },
    {
      "mode": "data",
      "type": "terraform_remote_state",
      "name": "eks",
      "provider": "provider[\"terraform.io/builtin/terraform\"]",
      "instances": [
        {
          "schema_version": 0,
          "attributes": {
            "backend": "local",
            "config": {
              "value": {
                "path": "../terraform-eks-exmaple/learn-terraform-provision-eks-cluster/terraform.tfstate"
              },
              "type": [
                "object",
                {
                  "path": "string"
                }
              ]
            },
            "defaults": null,
            "outputs": {
              "value": {
                "cluster_endpoint": "https://EC02D703F5A4C978D4D0CF5016DB4528.gr7.us-east-2.eks.amazonaws.com",
                "cluster_id": "education-eks-fyfmTjhQ",
                "cluster_name": "education-eks-fyfmTjhQ",
                "cluster_security_group_id": "sg-0781358265f8566cb",
                "config_map_aws_auth": [
                  {
                    "binary_data": null,
                    "data": {
                      "mapAccounts": "[]\n",
                      "mapRoles": "- \"groups\":\n  - \"system:bootstrappers\"\n  - \"system:nodes\"\n  \"rolearn\": \"arn:aws:iam::771582200379:role/education-eks-fyfmTjhQ2021080822205564350000000c\"\n  \"username\": \"system:node:{{EC2PrivateDNSName}}\"\n",
                      "mapUsers": "[]\n"
                    },
                    "id": "kube-system/aws-auth",
                    "metadata": [
                      {
                        "annotations": null,
                        "generate_name": "",
                        "generation": 0,
                        "labels": {
                          "app.kubernetes.io/managed-by": "Terraform",
                          "terraform.io/module": "terraform-aws-modules.eks.aws"
                        },
                        "name": "aws-auth",
                        "namespace": "kube-system",
                        "resource_version": "642",
                        "uid": "e7bc9624-f535-408c-b95a-e4559e43d58b"
                      }
                    ]
                  }
                ],
                "kubectl_config": "apiVersion: v1\npreferences: {}\nkind: Config\n\nclusters:\n- cluster:\n    server: https://EC02D703F5A4C978D4D0CF5016DB4528.gr7.us-east-2.eks.amazonaws.com\n    certificate-authority-data: LS0tLS1CRUdJTiBDRVJUSUZJQ0FURS0tLS0tCk1JSUM1ekNDQWMrZ0F3SUJBZ0lCQURBTkJna3Foa2lHOXcwQkFRc0ZBREFWTVJNd0VRWURWUVFERXdwcmRXSmwKY201bGRHVnpNQjRYRFRJeE1EZ3dPREl5TVRZME5Gb1hEVE14TURnd05qSXlNVFkwTkZvd0ZURVRNQkVHQTFVRQpBeE1LYTNWaVpYSnVaWFJsY3pDQ0FTSXdEUVlKS29aSWh2Y05BUUVCQlFBRGdnRVBBRENDQVFvQ2dnRUJBS2tpCjRLQTdNK0psOHRhWHNJUkdzbHY3aXpRV1FtY2pXdHk3T1pDOU1IS2Jhb3FQU0UwclFUY3hSK3NldVlOZVd6czkKRFB3aVhZaHR3U0NpODRLb2RKcGZIekhYWUs2V3VmSnhkVHhWUWV0elY1RmFOQmJUWFoyMHZua1hxZGQyVW5TZgpPdkZ4ai9FL1BDcDVjaFdNRDM0Zm5DMWlVMFpNVnhVdVJ2SmZmckliQXQ1K3lZUThVOWtiNTlhUklOSWtoTDJuCklsTHYzQXEyeGhRQzBFTTZmQURHRVU3VFk5YUpzWC9JbTdTWFBlN1V0eHU0V3k5TnpyclFQd1ZOYWdHajNrWnkKTy84bzZuYVdjZjZ1Q0htM2JzYk1xYVIwWURYMTErVkhnaG5LbkRCRVZ2dXhNMmVXNHZEY3ZtUTE3UEM0ZzI5KwplYml2eEgzRlNrSlFuWVY5TWhjQ0F3RUFBYU5DTUVBd0RnWURWUjBQQVFIL0JBUURBZ0trTUE4R0ExVWRFd0VCCi93UUZNQU1CQWY4d0hRWURWUjBPQkJZRUZNYjN1QUhneGdyMmcyNXhqWFgzUjhZU1VKNDVNQTBHQ1NxR1NJYjMKRFFFQkN3VUFBNElCQVFCMHIwTDZSZXlRVklBMHJrdFFQbVpZK3JIL3hlUVExelNrYzVLNDhoejNSY2xTVExuYwovdTF0akZDdklvNFd6bjNGcDRZRTk1dGtoeXZML0hWcU9uRWtjdDBvWUFjaWFDSit6eGhYZFFBZkdST2xXUTAxClM4cFdRV3pFVFJBcFRXVTF6UHQwemI3QXJISVV3YklhVEhSRU5PT09ydnBGbkR2MWtEUGc2NmdQbklQT1pDVkcKSXAwNlZ3VXByOTdrb3loVFhHaHJpRzZxZzBjZU9aa0tqeEt3VW5qNmZlVjFYM213YzJlcFR5VnJMWVhNRFlKKwphV3hvTE1ZT1lTZmF4Qzg5ZkhzSm1NcGV1R3hlcWFOanMvcmtnSlZKN1R6dENWSjVaK3ZZS3JOc0xrTXJKRlpFCkNzRUVkdXlHc3psUlI1bUZVNERmRmQrWGJ0M0N2ZGhCU2RBaQotLS0tLUVORCBDRVJUSUZJQ0FURS0tLS0tCg==\n  name: eks_education-eks-fyfmTjhQ\n\ncontexts:\n- context:\n    cluster: eks_education-eks-fyfmTjhQ\n    user: eks_education-eks-fyfmTjhQ\n  name: eks_education-eks-fyfmTjhQ\n\ncurrent-context: eks_education-eks-fyfmTjhQ\n\nusers:\n- name: eks_education-eks-fyfmTjhQ\n  user:\n    exec:\n      apiVersion: client.authentication.k8s.io/v1alpha1\n      command: aws-iam-authenticator\n      args:\n        - \"token\"\n        - \"-i\"\n        - \"education-eks-fyfmTjhQ\"\n",
                "region": "us-east-2"
              },
              "type": [
                "object",
                {
                  "cluster_endpoint": "string",
                  "cluster_id": "string",
                  "cluster_name": "string",
                  "cluster_security_group_id": "string",
                  "config_map_aws_auth": [
                    "tuple",
                    [
                      [
                        "object",
                        {
                          "binary_data": [
                            "map",
                            "string"
                          ],
                          "data": [
                            "map",
                            "string"
                          ],
                          "id": "string",
                          "metadata": [
                            "list",
                            [
                              "object",
                              {
                                "annotations": [
                                  "map",
                                  "string"
                                ],
                                "generate_name": "string",
                                "generation": "number",
                                "labels": [
                                  "map",
                                  "string"
                                ],
                                "name": "string",
                                "namespace": "string",
                                "resource_version": "string",
                                "uid": "string"
                              }
                            ]
                          ]
                        }
                      ]
                    ]
                  ],
                  "kubectl_config": "string",
                  "region": "string"
                }
              ]
            },
            "workspace": null
          },
          "sensitive_attributes": []
        }
      ]
    },
    {
      "mode": "managed",
      "type": "kubernetes_deployment",
      "name": "nginx",
      "provider": "provider[\"registry.terraform.io/hashicorp/kubernetes\"]",
      "instances": [
        {
          "schema_version": 1,
          "attributes": {
            "id": "default/scalable-nginx-example",
            "metadata": [
              {
                "annotations": {},
                "generate_name": "",
                "generation": 1,
                "labels": {
                  "App": "ScalableNginxExample"
                },
                "name": "scalable-nginx-example",
                "namespace": "default",
                "resource_version": "20261",
                "uid": "8a7ceb80-d180-48e2-a8eb-9496c29e77b0"
              }
            ],
            "spec": [
              {
                "min_ready_seconds": 0,
                "paused": false,
                "progress_deadline_seconds": 600,
                "replicas": "2",
                "revision_history_limit": 10,
                "selector": [
                  {
                    "match_expressions": [],
                    "match_labels": {
                      "App": "ScalableNginxExample"
                    }
                  }
                ],
                "strategy": [
                  {
                    "rolling_update": [
                      {
                        "max_surge": "25%",
                        "max_unavailable": "25%"
                      }
                    ],
                    "type": "RollingUpdate"
                  }
                ],
                "template": [
                  {
                    "metadata": [
                      {
                        "annotations": {},
                        "generate_name": "",
                        "generation": 0,
                        "labels": {
                          "App": "ScalableNginxExample"
                        },
                        "name": "",
                        "namespace": "",
                        "resource_version": "",
                        "uid": ""
                      }
                    ],
                    "spec": [
                      {
                        "active_deadline_seconds": 0,
                        "affinity": [],
                        "automount_service_account_token": true,
                        "container": [
                          {
                            "args": [],
                            "command": [],
                            "env": [],
                            "env_from": [],
                            "image": "nginx:1.7.8",
                            "image_pull_policy": "IfNotPresent",
                            "lifecycle": [],
                            "liveness_probe": [],
                            "name": "example",
                            "port": [
                              {
                                "container_port": 80,
                                "host_ip": "",
                                "host_port": 0,
                                "name": "",
                                "protocol": "TCP"
                              }
                            ],
                            "readiness_probe": [],
                            "resources": [
                              {
                                "limits": {
                                  "cpu": "500m",
                                  "memory": "512Mi"
                                },
                                "requests": {
                                  "cpu": "250m",
                                  "memory": "50Mi"
                                }
                              }
                            ],
                            "security_context": [],
                            "startup_probe": [],
                            "stdin": false,
                            "stdin_once": false,
                            "termination_message_path": "/dev/termination-log",
                            "termination_message_policy": "File",
                            "tty": false,
                            "volume_mount": [],
                            "working_dir": ""
                          }
                        ],
                        "dns_config": [],
                        "dns_policy": "ClusterFirst",
                        "enable_service_links": true,
                        "host_aliases": [],
                        "host_ipc": false,
                        "host_network": false,
                        "host_pid": false,
                        "hostname": "",
                        "image_pull_secrets": [],
                        "init_container": [],
                        "node_name": "",
                        "node_selector": {},
                        "priority_class_name": "",
                        "readiness_gate": [],
                        "restart_policy": "Always",
                        "security_context": [],
                        "service_account_name": "",
                        "share_process_namespace": false,
                        "subdomain": "",
                        "termination_grace_period_seconds": 30,
                        "toleration": [],
                        "topology_spread_constraint": [],
                        "volume": []
                      }
                    ]
                  }
                ]
              }
            ],
            "timeouts": null,
            "wait_for_rollout": true
          },
          "sensitive_attributes": [],
          "private": "eyJlMmJmYjczMC1lY2FhLTExZTYtOGY4OC0zNDM2M2JjN2M0YzAiOnsiY3JlYXRlIjo2MDAwMDAwMDAwMDAsImRlbGV0ZSI6NjAwMDAwMDAwMDAwLCJ1cGRhdGUiOjYwMDAwMDAwMDAwMH0sInNjaGVtYV92ZXJzaW9uIjoiMSJ9",
          "dependencies": [
            "data.aws_eks_cluster.cluster",
            "data.terraform_remote_state.eks"
          ]
        }
      ]
    },
    {
      "mode": "managed",
      "type": "kubernetes_service",
      "name": "nginx",
      "provider": "provider[\"registry.terraform.io/hashicorp/kubernetes\"]",
      "instances": [
        {
          "schema_version": 1,
          "attributes": {
            "id": "default/nginx-example",
            "metadata": [
              {
                "annotations": {},
                "generate_name": "",
                "generation": 0,
                "labels": {},
                "name": "nginx-example",
                "namespace": "default",
                "resource_version": "23595",
                "uid": "ebfa3f08-2761-4403-86e2-9896783f1f16"
              }
            ],
            "spec": [
              {
                "cluster_ip": "172.20.55.254",
                "external_ips": [],
                "external_name": "",
                "external_traffic_policy": "Cluster",
                "health_check_node_port": 0,
                "load_balancer_ip": "",
                "load_balancer_source_ranges": [],
                "port": [
                  {
                    "name": "",
                    "node_port": 32026,
                    "port": 80,
                    "protocol": "TCP",
                    "target_port": "80"
                  }
                ],
                "publish_not_ready_addresses": false,
                "selector": {
                  "App": "ScalableNginxExample"
                },
                "session_affinity": "None",
                "type": "LoadBalancer"
              }
            ],
            "status": [
              {
                "load_balancer": [
                  {
                    "ingress": [
                      {
                        "hostname": "aebfa3f082761440386e29896783f1f1-1690489342.us-east-2.elb.amazonaws.com",
                        "ip": ""
                      }
                    ]
                  }
                ]
              }
            ],
            "timeouts": null,
            "wait_for_load_balancer": true
          },
          "sensitive_attributes": [],
          "private": "eyJlMmJmYjczMC1lY2FhLTExZTYtOGY4OC0zNDM2M2JjN2M0YzAiOnsiY3JlYXRlIjo2MDAwMDAwMDAwMDB9LCJzY2hlbWFfdmVyc2lvbiI6IjEifQ==",
          "dependencies": [
            "data.terraform_remote_state.eks",
            "kubernetes_deployment.nginx",
            "data.aws_eks_cluster.cluster"
          ]
        }
      ]
    }
  ]
}
